
Microsoft Visual Studio Solution File, Format Version 12.00
# Visual Studio Version 17
VisualStudioVersion = 17.1.32210.238
MinimumVisualStudioVersion = 10.0.40219.1
Project("{FAE04EC0-301F-11D3-BF4B-00C04F79EFBC}") = "exercise7", "exercise7\exercise7.csproj", "{A8753C1B-34A0-4E6D-A211-D3014EC6D116}"
EndProject
Global
	GlobalSection(SolutionConfigurationPlatforms) = preSolution
		Debug|Any CPU = Debug|Any CPU
		Release|Any CPU = Release|Any CPU
	EndGlobalSection
	GlobalSection(ProjectConfigurationPlatforms) = postSolution
		{A8753C1B-34A0-4E6D-A211-D3014EC6D116}.Debug|Any CPU.ActiveCfg = Debug|Any CPU
		{A8753C1B-34A0-4E6D-A211-D3014EC6D116}.Debug|Any CPU.Build.0 = Debug|Any CPU
		{A8753C1B-34A0-4E6D-A211-D3014EC6D116}.Release|Any CPU.ActiveCfg = Release|Any CPU
		{A8753C1B-34A0-4E6D-A211-D3014EC6D116}.Release|Any CPU.Build.0 = Release|Any CPU
	EndGlobalSection
	GlobalSection(SolutionProperties) = preSolution
		HideSolutionNode = FALSE
	EndGlobalSection
	GlobalSection(ExtensibilityGlobals) = postSolution
		SolutionGuid = {8ED42950-7775-42D8-8F61-E6C535B79F01}
	EndGlobalSection
EndGlobal
