
Microsoft Visual Studio Solution File, Format Version 12.00
# Visual Studio Version 17
VisualStudioVersion = 17.1.32210.238
MinimumVisualStudioVersion = 10.0.40219.1
Project("{FAE04EC0-301F-11D3-BF4B-00C04F79EFBC}") = "exercise17", "exercise17\exercise17.csproj", "{F4C9CB0F-24F1-4F25-85FF-6E4F5AB7A579}"
EndProject
Global
	GlobalSection(SolutionConfigurationPlatforms) = preSolution
		Debug|Any CPU = Debug|Any CPU
		Release|Any CPU = Release|Any CPU
	EndGlobalSection
	GlobalSection(ProjectConfigurationPlatforms) = postSolution
		{F4C9CB0F-24F1-4F25-85FF-6E4F5AB7A579}.Debug|Any CPU.ActiveCfg = Debug|Any CPU
		{F4C9CB0F-24F1-4F25-85FF-6E4F5AB7A579}.Debug|Any CPU.Build.0 = Debug|Any CPU
		{F4C9CB0F-24F1-4F25-85FF-6E4F5AB7A579}.Release|Any CPU.ActiveCfg = Release|Any CPU
		{F4C9CB0F-24F1-4F25-85FF-6E4F5AB7A579}.Release|Any CPU.Build.0 = Release|Any CPU
	EndGlobalSection
	GlobalSection(SolutionProperties) = preSolution
		HideSolutionNode = FALSE
	EndGlobalSection
	GlobalSection(ExtensibilityGlobals) = postSolution
		SolutionGuid = {8879DCF0-9886-4469-92D3-1121E4C9CAE9}
	EndGlobalSection
EndGlobal
