
Microsoft Visual Studio Solution File, Format Version 12.00
# Visual Studio Version 17
VisualStudioVersion = 17.1.32210.238
MinimumVisualStudioVersion = 10.0.40219.1
Project("{FAE04EC0-301F-11D3-BF4B-00C04F79EFBC}") = "exercise10", "exercise10\exercise10.csproj", "{ADFCA0D2-8E3D-4202-8EC8-EC06194C02C9}"
EndProject
Global
	GlobalSection(SolutionConfigurationPlatforms) = preSolution
		Debug|Any CPU = Debug|Any CPU
		Release|Any CPU = Release|Any CPU
	EndGlobalSection
	GlobalSection(ProjectConfigurationPlatforms) = postSolution
		{ADFCA0D2-8E3D-4202-8EC8-EC06194C02C9}.Debug|Any CPU.ActiveCfg = Debug|Any CPU
		{ADFCA0D2-8E3D-4202-8EC8-EC06194C02C9}.Debug|Any CPU.Build.0 = Debug|Any CPU
		{ADFCA0D2-8E3D-4202-8EC8-EC06194C02C9}.Release|Any CPU.ActiveCfg = Release|Any CPU
		{ADFCA0D2-8E3D-4202-8EC8-EC06194C02C9}.Release|Any CPU.Build.0 = Release|Any CPU
	EndGlobalSection
	GlobalSection(SolutionProperties) = preSolution
		HideSolutionNode = FALSE
	EndGlobalSection
	GlobalSection(ExtensibilityGlobals) = postSolution
		SolutionGuid = {961CF313-D902-447D-94A5-87B7E9C56E9A}
	EndGlobalSection
EndGlobal
