
Microsoft Visual Studio Solution File, Format Version 12.00
# Visual Studio Version 17
VisualStudioVersion = 17.1.32210.238
MinimumVisualStudioVersion = 10.0.40219.1
Project("{FAE04EC0-301F-11D3-BF4B-00C04F79EFBC}") = "exercise11", "exercise11\exercise11.csproj", "{FCFDC0D8-F167-4F0F-B528-0ADCE8D8427B}"
EndProject
Global
	GlobalSection(SolutionConfigurationPlatforms) = preSolution
		Debug|Any CPU = Debug|Any CPU
		Release|Any CPU = Release|Any CPU
	EndGlobalSection
	GlobalSection(ProjectConfigurationPlatforms) = postSolution
		{FCFDC0D8-F167-4F0F-B528-0ADCE8D8427B}.Debug|Any CPU.ActiveCfg = Debug|Any CPU
		{FCFDC0D8-F167-4F0F-B528-0ADCE8D8427B}.Debug|Any CPU.Build.0 = Debug|Any CPU
		{FCFDC0D8-F167-4F0F-B528-0ADCE8D8427B}.Release|Any CPU.ActiveCfg = Release|Any CPU
		{FCFDC0D8-F167-4F0F-B528-0ADCE8D8427B}.Release|Any CPU.Build.0 = Release|Any CPU
	EndGlobalSection
	GlobalSection(SolutionProperties) = preSolution
		HideSolutionNode = FALSE
	EndGlobalSection
	GlobalSection(ExtensibilityGlobals) = postSolution
		SolutionGuid = {085A58C4-7D45-40B5-8D10-22AA8BFE52CD}
	EndGlobalSection
EndGlobal
