
Microsoft Visual Studio Solution File, Format Version 12.00
# Visual Studio Version 17
VisualStudioVersion = 17.1.32210.238
MinimumVisualStudioVersion = 10.0.40219.1
Project("{FAE04EC0-301F-11D3-BF4B-00C04F79EFBC}") = "exercise13", "exercise13\exercise13.csproj", "{B3E874A4-F998-4E1E-8943-B3790FAC77D5}"
EndProject
Global
	GlobalSection(SolutionConfigurationPlatforms) = preSolution
		Debug|Any CPU = Debug|Any CPU
		Release|Any CPU = Release|Any CPU
	EndGlobalSection
	GlobalSection(ProjectConfigurationPlatforms) = postSolution
		{B3E874A4-F998-4E1E-8943-B3790FAC77D5}.Debug|Any CPU.ActiveCfg = Debug|Any CPU
		{B3E874A4-F998-4E1E-8943-B3790FAC77D5}.Debug|Any CPU.Build.0 = Debug|Any CPU
		{B3E874A4-F998-4E1E-8943-B3790FAC77D5}.Release|Any CPU.ActiveCfg = Release|Any CPU
		{B3E874A4-F998-4E1E-8943-B3790FAC77D5}.Release|Any CPU.Build.0 = Release|Any CPU
	EndGlobalSection
	GlobalSection(SolutionProperties) = preSolution
		HideSolutionNode = FALSE
	EndGlobalSection
	GlobalSection(ExtensibilityGlobals) = postSolution
		SolutionGuid = {C32BAAA1-B7AF-4898-AE8E-1E91DC9CD4A4}
	EndGlobalSection
EndGlobal
